
Microsoft Visual Studio Solution File, Format Version 12.00
# Visual Studio 15
VisualStudioVersion = 15.0.27703.2042
MinimumVisualStudioVersion = 10.0.40219.1
Project("{888888A0-9F3D-457C-B088-3A5042F75D52}") = "yolov3", "yolov3.pyproj", "{FD49E213-0ABF-4473-BCBF-71F37C6F3563}"
EndProject
Global
	GlobalSection(SolutionConfigurationPlatforms) = preSolution
		Debug|Any CPU = Debug|Any CPU
		Release|Any CPU = Release|Any CPU
	EndGlobalSection
	GlobalSection(ProjectConfigurationPlatforms) = postSolution
		{FD49E213-0ABF-4473-BCBF-71F37C6F3563}.Debug|Any CPU.ActiveCfg = Debug|Any CPU
		{FD49E213-0ABF-4473-BCBF-71F37C6F3563}.Release|Any CPU.ActiveCfg = Release|Any CPU
	EndGlobalSection
	GlobalSection(SolutionProperties) = preSolution
		HideSolutionNode = FALSE
	EndGlobalSection
	GlobalSection(ExtensibilityGlobals) = postSolution
		SolutionGuid = {68178CA0-3D44-4A5B-AE25-43CEAAAAE091}
	EndGlobalSection
EndGlobal
